
Microsoft Visual Studio Solution File, Format Version 12.00
# Visual Studio 14
VisualStudioVersion = 14.0.25420.1
MinimumVisualStudioVersion = 10.0.40219.1
Project("{FAE04EC0-301F-11D3-BF4B-00C04F79EFBC}") = "CrossPlatform.Backend", "CrossPlatform.Backend\CrossPlatform.Backend.csproj", "{C99D9BC6-09C7-418B-AFC0-649F64E36CC7}"
EndProject
Project("{FAE04EC0-301F-11D3-BF4B-00C04F79EFBC}") = "CrossPlatform.Backend.Tests", "CrossPlatform.Backend.Tests\CrossPlatform.Backend.Tests.csproj", "{37CBB547-75EF-42F5-9B9D-C2B47154F1B1}"
EndProject
Project("{FAE04EC0-301F-11D3-BF4B-00C04F79EFBC}") = "CrossPlatform.Mobile", "CrossPlatform.Mobile\CrossPlatform.Mobile\CrossPlatform.Mobile.csproj", "{D39E8FE8-382C-4759-862F-93E9AD66E15B}"
EndProject
Project("{FAE04EC0-301F-11D3-BF4B-00C04F79EFBC}") = "CrossPlatform.Mobile.Droid", "CrossPlatform.Mobile\CrossPlatform.Mobile.Droid\CrossPlatform.Mobile.Droid.csproj", "{EC686446-9BA9-4FC4-B42A-4DAF5F9316AC}"
EndProject
Project("{FAE04EC0-301F-11D3-BF4B-00C04F79EFBC}") = "CrossPlatform.Mobile.iOS", "CrossPlatform.Mobile\CrossPlatform.Mobile.iOS\CrossPlatform.Mobile.iOS.csproj", "{97264BB3-8425-47B5-A541-E8A955CA8E2F}"
EndProject
Project("{FAE04EC0-301F-11D3-BF4B-00C04F79EFBC}") = "CrossPlatform.Mobile.WinPhone", "CrossPlatform.Mobile\CrossPlatform.Mobile.WinPhone\CrossPlatform.Mobile.WinPhone.csproj", "{F6834570-A9C0-4D7A-AD93-CF5FE39D652C}"
EndProject
Project("{FAE04EC0-301F-11D3-BF4B-00C04F79EFBC}") = "CrossPlatform.Mobile.UWP", "CrossPlatform.Mobile\CrossPlatform.Mobile.UWP\CrossPlatform.Mobile.UWP.csproj", "{64F4E4A0-4E95-44D2-9444-00D86FBD5297}"
EndProject
Project("{FAE04EC0-301F-11D3-BF4B-00C04F79EFBC}") = "CrossPlatform.Mobile.Windows", "CrossPlatform.Mobile\CrossPlatform.Mobile.Windows\CrossPlatform.Mobile.Windows.csproj", "{97B351DD-FAA0-4621-8B8F-0DDAFBF3C1FA}"
EndProject
Project("{2150E333-8FDC-42A3-9474-1A3956D46DE8}") = "1 - Backend", "1 - Backend", "{334044C2-5B74-4BC8-B203-BDBD50E7EE55}"
EndProject
Project("{2150E333-8FDC-42A3-9474-1A3956D46DE8}") = "2 - Clients", "2 - Clients", "{256B9F64-2359-44CC-8EC7-792FE0AC161C}"
EndProject
Project("{2150E333-8FDC-42A3-9474-1A3956D46DE8}") = "2.1 - Shared", "2.1 - Shared", "{67860EAB-2AB2-4DB1-A5AC-C83C21463EBB}"
EndProject
Project("{2150E333-8FDC-42A3-9474-1A3956D46DE8}") = "2.2 - Mobile", "2.2 - Mobile", "{BBECA6E1-12DE-46FA-84A8-C8190369AD8A}"
EndProject
Project("{FAE04EC0-301F-11D3-BF4B-00C04F79EFBC}") = "CrossPlatform.Backend.Clients", "CrossPlatform.Backend.Clients\CrossPlatform.Backend.Clients.csproj", "{FC3030F2-F861-46C4-8001-DECB32A4D98E}"
EndProject
Project("{FAE04EC0-301F-11D3-BF4B-00C04F79EFBC}") = "CrossPlatform.Console", "CrossPlatform.Console\CrossPlatform.Console.csproj", "{3063DA46-D2A1-4754-94EA-227257962A14}"
EndProject
Global
	GlobalSection(SolutionConfigurationPlatforms) = preSolution
		Ad-Hoc|Any CPU = Ad-Hoc|Any CPU
		Ad-Hoc|ARM = Ad-Hoc|ARM
		Ad-Hoc|iPhone = Ad-Hoc|iPhone
		Ad-Hoc|iPhoneSimulator = Ad-Hoc|iPhoneSimulator
		Ad-Hoc|x64 = Ad-Hoc|x64
		Ad-Hoc|x86 = Ad-Hoc|x86
		AppStore|Any CPU = AppStore|Any CPU
		AppStore|ARM = AppStore|ARM
		AppStore|iPhone = AppStore|iPhone
		AppStore|iPhoneSimulator = AppStore|iPhoneSimulator
		AppStore|x64 = AppStore|x64
		AppStore|x86 = AppStore|x86
		Debug|Any CPU = Debug|Any CPU
		Debug|ARM = Debug|ARM
		Debug|iPhone = Debug|iPhone
		Debug|iPhoneSimulator = Debug|iPhoneSimulator
		Debug|x64 = Debug|x64
		Debug|x86 = Debug|x86
		Release|Any CPU = Release|Any CPU
		Release|ARM = Release|ARM
		Release|iPhone = Release|iPhone
		Release|iPhoneSimulator = Release|iPhoneSimulator
		Release|x64 = Release|x64
		Release|x86 = Release|x86
	EndGlobalSection
	GlobalSection(ProjectConfigurationPlatforms) = postSolution
		{C99D9BC6-09C7-418B-AFC0-649F64E36CC7}.Ad-Hoc|Any CPU.ActiveCfg = Release|Any CPU
		{C99D9BC6-09C7-418B-AFC0-649F64E36CC7}.Ad-Hoc|Any CPU.Build.0 = Release|Any CPU
		{C99D9BC6-09C7-418B-AFC0-649F64E36CC7}.Ad-Hoc|ARM.ActiveCfg = Release|Any CPU
		{C99D9BC6-09C7-418B-AFC0-649F64E36CC7}.Ad-Hoc|ARM.Build.0 = Release|Any CPU
		{C99D9BC6-09C7-418B-AFC0-649F64E36CC7}.Ad-Hoc|iPhone.ActiveCfg = Release|Any CPU
		{C99D9BC6-09C7-418B-AFC0-649F64E36CC7}.Ad-Hoc|iPhone.Build.0 = Release|Any CPU
		{C99D9BC6-09C7-418B-AFC0-649F64E36CC7}.Ad-Hoc|iPhoneSimulator.ActiveCfg = Release|Any CPU
		{C99D9BC6-09C7-418B-AFC0-649F64E36CC7}.Ad-Hoc|iPhoneSimulator.Build.0 = Release|Any CPU
		{C99D9BC6-09C7-418B-AFC0-649F64E36CC7}.Ad-Hoc|x64.ActiveCfg = Release|Any CPU
		{C99D9BC6-09C7-418B-AFC0-649F64E36CC7}.Ad-Hoc|x64.Build.0 = Release|Any CPU
		{C99D9BC6-09C7-418B-AFC0-649F64E36CC7}.Ad-Hoc|x86.ActiveCfg = Release|Any CPU
		{C99D9BC6-09C7-418B-AFC0-649F64E36CC7}.Ad-Hoc|x86.Build.0 = Release|Any CPU
		{C99D9BC6-09C7-418B-AFC0-649F64E36CC7}.AppStore|Any CPU.ActiveCfg = Release|Any CPU
		{C99D9BC6-09C7-418B-AFC0-649F64E36CC7}.AppStore|Any CPU.Build.0 = Release|Any CPU
		{C99D9BC6-09C7-418B-AFC0-649F64E36CC7}.AppStore|ARM.ActiveCfg = Release|Any CPU
		{C99D9BC6-09C7-418B-AFC0-649F64E36CC7}.AppStore|ARM.Build.0 = Release|Any CPU
		{C99D9BC6-09C7-418B-AFC0-649F64E36CC7}.AppStore|iPhone.ActiveCfg = Release|Any CPU
		{C99D9BC6-09C7-418B-AFC0-649F64E36CC7}.AppStore|iPhone.Build.0 = Release|Any CPU
		{C99D9BC6-09C7-418B-AFC0-649F64E36CC7}.AppStore|iPhoneSimulator.ActiveCfg = Release|Any CPU
		{C99D9BC6-09C7-418B-AFC0-649F64E36CC7}.AppStore|iPhoneSimulator.Build.0 = Release|Any CPU
		{C99D9BC6-09C7-418B-AFC0-649F64E36CC7}.AppStore|x64.ActiveCfg = Release|Any CPU
		{C99D9BC6-09C7-418B-AFC0-649F64E36CC7}.AppStore|x64.Build.0 = Release|Any CPU
		{C99D9BC6-09C7-418B-AFC0-649F64E36CC7}.AppStore|x86.ActiveCfg = Release|Any CPU
		{C99D9BC6-09C7-418B-AFC0-649F64E36CC7}.AppStore|x86.Build.0 = Release|Any CPU
		{C99D9BC6-09C7-418B-AFC0-649F64E36CC7}.Debug|Any CPU.ActiveCfg = Debug|Any CPU
		{C99D9BC6-09C7-418B-AFC0-649F64E36CC7}.Debug|Any CPU.Build.0 = Debug|Any CPU
		{C99D9BC6-09C7-418B-AFC0-649F64E36CC7}.Debug|ARM.ActiveCfg = Debug|Any CPU
		{C99D9BC6-09C7-418B-AFC0-649F64E36CC7}.Debug|ARM.Build.0 = Debug|Any CPU
		{C99D9BC6-09C7-418B-AFC0-649F64E36CC7}.Debug|iPhone.ActiveCfg = Debug|Any CPU
		{C99D9BC6-09C7-418B-AFC0-649F64E36CC7}.Debug|iPhone.Build.0 = Debug|Any CPU
		{C99D9BC6-09C7-418B-AFC0-649F64E36CC7}.Debug|iPhoneSimulator.ActiveCfg = Debug|Any CPU
		{C99D9BC6-09C7-418B-AFC0-649F64E36CC7}.Debug|iPhoneSimulator.Build.0 = Debug|Any CPU
		{C99D9BC6-09C7-418B-AFC0-649F64E36CC7}.Debug|x64.ActiveCfg = Debug|Any CPU
		{C99D9BC6-09C7-418B-AFC0-649F64E36CC7}.Debug|x64.Build.0 = Debug|Any CPU
		{C99D9BC6-09C7-418B-AFC0-649F64E36CC7}.Debug|x86.ActiveCfg = Debug|Any CPU
		{C99D9BC6-09C7-418B-AFC0-649F64E36CC7}.Debug|x86.Build.0 = Debug|Any CPU
		{C99D9BC6-09C7-418B-AFC0-649F64E36CC7}.Release|Any CPU.ActiveCfg = Release|Any CPU
		{C99D9BC6-09C7-418B-AFC0-649F64E36CC7}.Release|Any CPU.Build.0 = Release|Any CPU
		{C99D9BC6-09C7-418B-AFC0-649F64E36CC7}.Release|ARM.ActiveCfg = Release|Any CPU
		{C99D9BC6-09C7-418B-AFC0-649F64E36CC7}.Release|ARM.Build.0 = Release|Any CPU
		{C99D9BC6-09C7-418B-AFC0-649F64E36CC7}.Release|iPhone.ActiveCfg = Release|Any CPU
		{C99D9BC6-09C7-418B-AFC0-649F64E36CC7}.Release|iPhone.Build.0 = Release|Any CPU
		{C99D9BC6-09C7-418B-AFC0-649F64E36CC7}.Release|iPhoneSimulator.ActiveCfg = Release|Any CPU
		{C99D9BC6-09C7-418B-AFC0-649F64E36CC7}.Release|iPhoneSimulator.Build.0 = Release|Any CPU
		{C99D9BC6-09C7-418B-AFC0-649F64E36CC7}.Release|x64.ActiveCfg = Release|Any CPU
		{C99D9BC6-09C7-418B-AFC0-649F64E36CC7}.Release|x64.Build.0 = Release|Any CPU
		{C99D9BC6-09C7-418B-AFC0-649F64E36CC7}.Release|x86.ActiveCfg = Release|Any CPU
		{C99D9BC6-09C7-418B-AFC0-649F64E36CC7}.Release|x86.Build.0 = Release|Any CPU
		{37CBB547-75EF-42F5-9B9D-C2B47154F1B1}.Ad-Hoc|Any CPU.ActiveCfg = Release|Any CPU
		{37CBB547-75EF-42F5-9B9D-C2B47154F1B1}.Ad-Hoc|Any CPU.Build.0 = Release|Any CPU
		{37CBB547-75EF-42F5-9B9D-C2B47154F1B1}.Ad-Hoc|ARM.ActiveCfg = Release|Any CPU
		{37CBB547-75EF-42F5-9B9D-C2B47154F1B1}.Ad-Hoc|ARM.Build.0 = Release|Any CPU
		{37CBB547-75EF-42F5-9B9D-C2B47154F1B1}.Ad-Hoc|iPhone.ActiveCfg = Release|Any CPU
		{37CBB547-75EF-42F5-9B9D-C2B47154F1B1}.Ad-Hoc|iPhone.Build.0 = Release|Any CPU
		{37CBB547-75EF-42F5-9B9D-C2B47154F1B1}.Ad-Hoc|iPhoneSimulator.ActiveCfg = Release|Any CPU
		{37CBB547-75EF-42F5-9B9D-C2B47154F1B1}.Ad-Hoc|iPhoneSimulator.Build.0 = Release|Any CPU
		{37CBB547-75EF-42F5-9B9D-C2B47154F1B1}.Ad-Hoc|x64.ActiveCfg = Release|Any CPU
		{37CBB547-75EF-42F5-9B9D-C2B47154F1B1}.Ad-Hoc|x64.Build.0 = Release|Any CPU
		{37CBB547-75EF-42F5-9B9D-C2B47154F1B1}.Ad-Hoc|x86.ActiveCfg = Release|Any CPU
		{37CBB547-75EF-42F5-9B9D-C2B47154F1B1}.Ad-Hoc|x86.Build.0 = Release|Any CPU
		{37CBB547-75EF-42F5-9B9D-C2B47154F1B1}.AppStore|Any CPU.ActiveCfg = Release|Any CPU
		{37CBB547-75EF-42F5-9B9D-C2B47154F1B1}.AppStore|Any CPU.Build.0 = Release|Any CPU
		{37CBB547-75EF-42F5-9B9D-C2B47154F1B1}.AppStore|ARM.ActiveCfg = Release|Any CPU
		{37CBB547-75EF-42F5-9B9D-C2B47154F1B1}.AppStore|ARM.Build.0 = Release|Any CPU
		{37CBB547-75EF-42F5-9B9D-C2B47154F1B1}.AppStore|iPhone.ActiveCfg = Release|Any CPU
		{37CBB547-75EF-42F5-9B9D-C2B47154F1B1}.AppStore|iPhone.Build.0 = Release|Any CPU
		{37CBB547-75EF-42F5-9B9D-C2B47154F1B1}.AppStore|iPhoneSimulator.ActiveCfg = Release|Any CPU
		{37CBB547-75EF-42F5-9B9D-C2B47154F1B1}.AppStore|iPhoneSimulator.Build.0 = Release|Any CPU
		{37CBB547-75EF-42F5-9B9D-C2B47154F1B1}.AppStore|x64.ActiveCfg = Release|Any CPU
		{37CBB547-75EF-42F5-9B9D-C2B47154F1B1}.AppStore|x64.Build.0 = Release|Any CPU
		{37CBB547-75EF-42F5-9B9D-C2B47154F1B1}.AppStore|x86.ActiveCfg = Release|Any CPU
		{37CBB547-75EF-42F5-9B9D-C2B47154F1B1}.AppStore|x86.Build.0 = Release|Any CPU
		{37CBB547-75EF-42F5-9B9D-C2B47154F1B1}.Debug|Any CPU.ActiveCfg = Debug|Any CPU
		{37CBB547-75EF-42F5-9B9D-C2B47154F1B1}.Debug|Any CPU.Build.0 = Debug|Any CPU
		{37CBB547-75EF-42F5-9B9D-C2B47154F1B1}.Debug|ARM.ActiveCfg = Debug|Any CPU
		{37CBB547-75EF-42F5-9B9D-C2B47154F1B1}.Debug|ARM.Build.0 = Debug|Any CPU
		{37CBB547-75EF-42F5-9B9D-C2B47154F1B1}.Debug|iPhone.ActiveCfg = Debug|Any CPU
		{37CBB547-75EF-42F5-9B9D-C2B47154F1B1}.Debug|iPhone.Build.0 = Debug|Any CPU
		{37CBB547-75EF-42F5-9B9D-C2B47154F1B1}.Debug|iPhoneSimulator.ActiveCfg = Debug|Any CPU
		{37CBB547-75EF-42F5-9B9D-C2B47154F1B1}.Debug|iPhoneSimulator.Build.0 = Debug|Any CPU
		{37CBB547-75EF-42F5-9B9D-C2B47154F1B1}.Debug|x64.ActiveCfg = Debug|Any CPU
		{37CBB547-75EF-42F5-9B9D-C2B47154F1B1}.Debug|x64.Build.0 = Debug|Any CPU
		{37CBB547-75EF-42F5-9B9D-C2B47154F1B1}.Debug|x86.ActiveCfg = Debug|Any CPU
		{37CBB547-75EF-42F5-9B9D-C2B47154F1B1}.Debug|x86.Build.0 = Debug|Any CPU
		{37CBB547-75EF-42F5-9B9D-C2B47154F1B1}.Release|Any CPU.ActiveCfg = Release|Any CPU
		{37CBB547-75EF-42F5-9B9D-C2B47154F1B1}.Release|Any CPU.Build.0 = Release|Any CPU
		{37CBB547-75EF-42F5-9B9D-C2B47154F1B1}.Release|ARM.ActiveCfg = Release|Any CPU
		{37CBB547-75EF-42F5-9B9D-C2B47154F1B1}.Release|ARM.Build.0 = Release|Any CPU
		{37CBB547-75EF-42F5-9B9D-C2B47154F1B1}.Release|iPhone.ActiveCfg = Release|Any CPU
		{37CBB547-75EF-42F5-9B9D-C2B47154F1B1}.Release|iPhone.Build.0 = Release|Any CPU
		{37CBB547-75EF-42F5-9B9D-C2B47154F1B1}.Release|iPhoneSimulator.ActiveCfg = Release|Any CPU
		{37CBB547-75EF-42F5-9B9D-C2B47154F1B1}.Release|iPhoneSimulator.Build.0 = Release|Any CPU
		{37CBB547-75EF-42F5-9B9D-C2B47154F1B1}.Release|x64.ActiveCfg = Release|Any CPU
		{37CBB547-75EF-42F5-9B9D-C2B47154F1B1}.Release|x64.Build.0 = Release|Any CPU
		{37CBB547-75EF-42F5-9B9D-C2B47154F1B1}.Release|x86.ActiveCfg = Release|Any CPU
		{37CBB547-75EF-42F5-9B9D-C2B47154F1B1}.Release|x86.Build.0 = Release|Any CPU
		{D39E8FE8-382C-4759-862F-93E9AD66E15B}.Ad-Hoc|Any CPU.ActiveCfg = Release|Any CPU
		{D39E8FE8-382C-4759-862F-93E9AD66E15B}.Ad-Hoc|Any CPU.Build.0 = Release|Any CPU
		{D39E8FE8-382C-4759-862F-93E9AD66E15B}.Ad-Hoc|ARM.ActiveCfg = Release|Any CPU
		{D39E8FE8-382C-4759-862F-93E9AD66E15B}.Ad-Hoc|ARM.Build.0 = Release|Any CPU
		{D39E8FE8-382C-4759-862F-93E9AD66E15B}.Ad-Hoc|iPhone.ActiveCfg = Release|Any CPU
		{D39E8FE8-382C-4759-862F-93E9AD66E15B}.Ad-Hoc|iPhone.Build.0 = Release|Any CPU
		{D39E8FE8-382C-4759-862F-93E9AD66E15B}.Ad-Hoc|iPhoneSimulator.ActiveCfg = Release|Any CPU
		{D39E8FE8-382C-4759-862F-93E9AD66E15B}.Ad-Hoc|iPhoneSimulator.Build.0 = Release|Any CPU
		{D39E8FE8-382C-4759-862F-93E9AD66E15B}.Ad-Hoc|x64.ActiveCfg = Release|Any CPU
		{D39E8FE8-382C-4759-862F-93E9AD66E15B}.Ad-Hoc|x64.Build.0 = Release|Any CPU
		{D39E8FE8-382C-4759-862F-93E9AD66E15B}.Ad-Hoc|x86.ActiveCfg = Release|Any CPU
		{D39E8FE8-382C-4759-862F-93E9AD66E15B}.Ad-Hoc|x86.Build.0 = Release|Any CPU
		{D39E8FE8-382C-4759-862F-93E9AD66E15B}.AppStore|Any CPU.ActiveCfg = Release|Any CPU
		{D39E8FE8-382C-4759-862F-93E9AD66E15B}.AppStore|Any CPU.Build.0 = Release|Any CPU
		{D39E8FE8-382C-4759-862F-93E9AD66E15B}.AppStore|ARM.ActiveCfg = Release|Any CPU
		{D39E8FE8-382C-4759-862F-93E9AD66E15B}.AppStore|ARM.Build.0 = Release|Any CPU
		{D39E8FE8-382C-4759-862F-93E9AD66E15B}.AppStore|iPhone.ActiveCfg = Release|Any CPU
		{D39E8FE8-382C-4759-862F-93E9AD66E15B}.AppStore|iPhone.Build.0 = Release|Any CPU
		{D39E8FE8-382C-4759-862F-93E9AD66E15B}.AppStore|iPhoneSimulator.ActiveCfg = Release|Any CPU
		{D39E8FE8-382C-4759-862F-93E9AD66E15B}.AppStore|iPhoneSimulator.Build.0 = Release|Any CPU
		{D39E8FE8-382C-4759-862F-93E9AD66E15B}.AppStore|x64.ActiveCfg = Release|Any CPU
		{D39E8FE8-382C-4759-862F-93E9AD66E15B}.AppStore|x64.Build.0 = Release|Any CPU
		{D39E8FE8-382C-4759-862F-93E9AD66E15B}.AppStore|x86.ActiveCfg = Release|Any CPU
		{D39E8FE8-382C-4759-862F-93E9AD66E15B}.AppStore|x86.Build.0 = Release|Any CPU
		{D39E8FE8-382C-4759-862F-93E9AD66E15B}.Debug|Any CPU.ActiveCfg = Debug|Any CPU
		{D39E8FE8-382C-4759-862F-93E9AD66E15B}.Debug|Any CPU.Build.0 = Debug|Any CPU
		{D39E8FE8-382C-4759-862F-93E9AD66E15B}.Debug|ARM.ActiveCfg = Debug|Any CPU
		{D39E8FE8-382C-4759-862F-93E9AD66E15B}.Debug|ARM.Build.0 = Debug|Any CPU
		{D39E8FE8-382C-4759-862F-93E9AD66E15B}.Debug|iPhone.ActiveCfg = Debug|Any CPU
		{D39E8FE8-382C-4759-862F-93E9AD66E15B}.Debug|iPhone.Build.0 = Debug|Any CPU
		{D39E8FE8-382C-4759-862F-93E9AD66E15B}.Debug|iPhoneSimulator.ActiveCfg = Debug|Any CPU
		{D39E8FE8-382C-4759-862F-93E9AD66E15B}.Debug|iPhoneSimulator.Build.0 = Debug|Any CPU
		{D39E8FE8-382C-4759-862F-93E9AD66E15B}.Debug|x64.ActiveCfg = Debug|Any CPU
		{D39E8FE8-382C-4759-862F-93E9AD66E15B}.Debug|x64.Build.0 = Debug|Any CPU
		{D39E8FE8-382C-4759-862F-93E9AD66E15B}.Debug|x86.ActiveCfg = Debug|Any CPU
		{D39E8FE8-382C-4759-862F-93E9AD66E15B}.Debug|x86.Build.0 = Debug|Any CPU
		{D39E8FE8-382C-4759-862F-93E9AD66E15B}.Release|Any CPU.ActiveCfg = Release|Any CPU
		{D39E8FE8-382C-4759-862F-93E9AD66E15B}.Release|Any CPU.Build.0 = Release|Any CPU
		{D39E8FE8-382C-4759-862F-93E9AD66E15B}.Release|ARM.ActiveCfg = Release|Any CPU
		{D39E8FE8-382C-4759-862F-93E9AD66E15B}.Release|ARM.Build.0 = Release|Any CPU
		{D39E8FE8-382C-4759-862F-93E9AD66E15B}.Release|iPhone.ActiveCfg = Release|Any CPU
		{D39E8FE8-382C-4759-862F-93E9AD66E15B}.Release|iPhone.Build.0 = Release|Any CPU
		{D39E8FE8-382C-4759-862F-93E9AD66E15B}.Release|iPhoneSimulator.ActiveCfg = Release|Any CPU
		{D39E8FE8-382C-4759-862F-93E9AD66E15B}.Release|iPhoneSimulator.Build.0 = Release|Any CPU
		{D39E8FE8-382C-4759-862F-93E9AD66E15B}.Release|x64.ActiveCfg = Release|Any CPU
		{D39E8FE8-382C-4759-862F-93E9AD66E15B}.Release|x64.Build.0 = Release|Any CPU
		{D39E8FE8-382C-4759-862F-93E9AD66E15B}.Release|x86.ActiveCfg = Release|Any CPU
		{D39E8FE8-382C-4759-862F-93E9AD66E15B}.Release|x86.Build.0 = Release|Any CPU
		{EC686446-9BA9-4FC4-B42A-4DAF5F9316AC}.Ad-Hoc|Any CPU.ActiveCfg = Release|Any CPU
		{EC686446-9BA9-4FC4-B42A-4DAF5F9316AC}.Ad-Hoc|Any CPU.Build.0 = Release|Any CPU
		{EC686446-9BA9-4FC4-B42A-4DAF5F9316AC}.Ad-Hoc|Any CPU.Deploy.0 = Release|Any CPU
		{EC686446-9BA9-4FC4-B42A-4DAF5F9316AC}.Ad-Hoc|ARM.ActiveCfg = Release|Any CPU
		{EC686446-9BA9-4FC4-B42A-4DAF5F9316AC}.Ad-Hoc|ARM.Build.0 = Release|Any CPU
		{EC686446-9BA9-4FC4-B42A-4DAF5F9316AC}.Ad-Hoc|ARM.Deploy.0 = Release|Any CPU
		{EC686446-9BA9-4FC4-B42A-4DAF5F9316AC}.Ad-Hoc|iPhone.ActiveCfg = Release|Any CPU
		{EC686446-9BA9-4FC4-B42A-4DAF5F9316AC}.Ad-Hoc|iPhone.Build.0 = Release|Any CPU
		{EC686446-9BA9-4FC4-B42A-4DAF5F9316AC}.Ad-Hoc|iPhone.Deploy.0 = Release|Any CPU
		{EC686446-9BA9-4FC4-B42A-4DAF5F9316AC}.Ad-Hoc|iPhoneSimulator.ActiveCfg = Release|Any CPU
		{EC686446-9BA9-4FC4-B42A-4DAF5F9316AC}.Ad-Hoc|iPhoneSimulator.Build.0 = Release|Any CPU
		{EC686446-9BA9-4FC4-B42A-4DAF5F9316AC}.Ad-Hoc|iPhoneSimulator.Deploy.0 = Release|Any CPU
		{EC686446-9BA9-4FC4-B42A-4DAF5F9316AC}.Ad-Hoc|x64.ActiveCfg = Release|Any CPU
		{EC686446-9BA9-4FC4-B42A-4DAF5F9316AC}.Ad-Hoc|x64.Build.0 = Release|Any CPU
		{EC686446-9BA9-4FC4-B42A-4DAF5F9316AC}.Ad-Hoc|x64.Deploy.0 = Release|Any CPU
		{EC686446-9BA9-4FC4-B42A-4DAF5F9316AC}.Ad-Hoc|x86.ActiveCfg = Release|Any CPU
		{EC686446-9BA9-4FC4-B42A-4DAF5F9316AC}.Ad-Hoc|x86.Build.0 = Release|Any CPU
		{EC686446-9BA9-4FC4-B42A-4DAF5F9316AC}.Ad-Hoc|x86.Deploy.0 = Release|Any CPU
		{EC686446-9BA9-4FC4-B42A-4DAF5F9316AC}.AppStore|Any CPU.ActiveCfg = Release|Any CPU
		{EC686446-9BA9-4FC4-B42A-4DAF5F9316AC}.AppStore|Any CPU.Build.0 = Release|Any CPU
		{EC686446-9BA9-4FC4-B42A-4DAF5F9316AC}.AppStore|Any CPU.Deploy.0 = Release|Any CPU
		{EC686446-9BA9-4FC4-B42A-4DAF5F9316AC}.AppStore|ARM.ActiveCfg = Release|Any CPU
		{EC686446-9BA9-4FC4-B42A-4DAF5F9316AC}.AppStore|ARM.Build.0 = Release|Any CPU
		{EC686446-9BA9-4FC4-B42A-4DAF5F9316AC}.AppStore|ARM.Deploy.0 = Release|Any CPU
		{EC686446-9BA9-4FC4-B42A-4DAF5F9316AC}.AppStore|iPhone.ActiveCfg = Release|Any CPU
		{EC686446-9BA9-4FC4-B42A-4DAF5F9316AC}.AppStore|iPhone.Build.0 = Release|Any CPU
		{EC686446-9BA9-4FC4-B42A-4DAF5F9316AC}.AppStore|iPhone.Deploy.0 = Release|Any CPU
		{EC686446-9BA9-4FC4-B42A-4DAF5F9316AC}.AppStore|iPhoneSimulator.ActiveCfg = Release|Any CPU
		{EC686446-9BA9-4FC4-B42A-4DAF5F9316AC}.AppStore|iPhoneSimulator.Build.0 = Release|Any CPU
		{EC686446-9BA9-4FC4-B42A-4DAF5F9316AC}.AppStore|iPhoneSimulator.Deploy.0 = Release|Any CPU
		{EC686446-9BA9-4FC4-B42A-4DAF5F9316AC}.AppStore|x64.ActiveCfg = Release|Any CPU
		{EC686446-9BA9-4FC4-B42A-4DAF5F9316AC}.AppStore|x64.Build.0 = Release|Any CPU
		{EC686446-9BA9-4FC4-B42A-4DAF5F9316AC}.AppStore|x64.Deploy.0 = Release|Any CPU
		{EC686446-9BA9-4FC4-B42A-4DAF5F9316AC}.AppStore|x86.ActiveCfg = Release|Any CPU
		{EC686446-9BA9-4FC4-B42A-4DAF5F9316AC}.AppStore|x86.Build.0 = Release|Any CPU
		{EC686446-9BA9-4FC4-B42A-4DAF5F9316AC}.AppStore|x86.Deploy.0 = Release|Any CPU
		{EC686446-9BA9-4FC4-B42A-4DAF5F9316AC}.Debug|Any CPU.ActiveCfg = Debug|Any CPU
		{EC686446-9BA9-4FC4-B42A-4DAF5F9316AC}.Debug|Any CPU.Build.0 = Debug|Any CPU
		{EC686446-9BA9-4FC4-B42A-4DAF5F9316AC}.Debug|Any CPU.Deploy.0 = Debug|Any CPU
		{EC686446-9BA9-4FC4-B42A-4DAF5F9316AC}.Debug|ARM.ActiveCfg = Debug|Any CPU
		{EC686446-9BA9-4FC4-B42A-4DAF5F9316AC}.Debug|ARM.Build.0 = Debug|Any CPU
		{EC686446-9BA9-4FC4-B42A-4DAF5F9316AC}.Debug|ARM.Deploy.0 = Debug|Any CPU
		{EC686446-9BA9-4FC4-B42A-4DAF5F9316AC}.Debug|iPhone.ActiveCfg = Debug|Any CPU
		{EC686446-9BA9-4FC4-B42A-4DAF5F9316AC}.Debug|iPhone.Build.0 = Debug|Any CPU
		{EC686446-9BA9-4FC4-B42A-4DAF5F9316AC}.Debug|iPhone.Deploy.0 = Debug|Any CPU
		{EC686446-9BA9-4FC4-B42A-4DAF5F9316AC}.Debug|iPhoneSimulator.ActiveCfg = Debug|Any CPU
		{EC686446-9BA9-4FC4-B42A-4DAF5F9316AC}.Debug|iPhoneSimulator.Build.0 = Debug|Any CPU
		{EC686446-9BA9-4FC4-B42A-4DAF5F9316AC}.Debug|iPhoneSimulator.Deploy.0 = Debug|Any CPU
		{EC686446-9BA9-4FC4-B42A-4DAF5F9316AC}.Debug|x64.ActiveCfg = Debug|Any CPU
		{EC686446-9BA9-4FC4-B42A-4DAF5F9316AC}.Debug|x64.Build.0 = Debug|Any CPU
		{EC686446-9BA9-4FC4-B42A-4DAF5F9316AC}.Debug|x64.Deploy.0 = Debug|Any CPU
		{EC686446-9BA9-4FC4-B42A-4DAF5F9316AC}.Debug|x86.ActiveCfg = Debug|Any CPU
		{EC686446-9BA9-4FC4-B42A-4DAF5F9316AC}.Debug|x86.Build.0 = Debug|Any CPU
		{EC686446-9BA9-4FC4-B42A-4DAF5F9316AC}.Debug|x86.Deploy.0 = Debug|Any CPU
		{EC686446-9BA9-4FC4-B42A-4DAF5F9316AC}.Release|Any CPU.ActiveCfg = Release|Any CPU
		{EC686446-9BA9-4FC4-B42A-4DAF5F9316AC}.Release|Any CPU.Build.0 = Release|Any CPU
		{EC686446-9BA9-4FC4-B42A-4DAF5F9316AC}.Release|Any CPU.Deploy.0 = Release|Any CPU
		{EC686446-9BA9-4FC4-B42A-4DAF5F9316AC}.Release|ARM.ActiveCfg = Release|Any CPU
		{EC686446-9BA9-4FC4-B42A-4DAF5F9316AC}.Release|ARM.Build.0 = Release|Any CPU
		{EC686446-9BA9-4FC4-B42A-4DAF5F9316AC}.Release|ARM.Deploy.0 = Release|Any CPU
		{EC686446-9BA9-4FC4-B42A-4DAF5F9316AC}.Release|iPhone.ActiveCfg = Release|Any CPU
		{EC686446-9BA9-4FC4-B42A-4DAF5F9316AC}.Release|iPhone.Build.0 = Release|Any CPU
		{EC686446-9BA9-4FC4-B42A-4DAF5F9316AC}.Release|iPhone.Deploy.0 = Release|Any CPU
		{EC686446-9BA9-4FC4-B42A-4DAF5F9316AC}.Release|iPhoneSimulator.ActiveCfg = Release|Any CPU
		{EC686446-9BA9-4FC4-B42A-4DAF5F9316AC}.Release|iPhoneSimulator.Build.0 = Release|Any CPU
		{EC686446-9BA9-4FC4-B42A-4DAF5F9316AC}.Release|iPhoneSimulator.Deploy.0 = Release|Any CPU
		{EC686446-9BA9-4FC4-B42A-4DAF5F9316AC}.Release|x64.ActiveCfg = Release|Any CPU
		{EC686446-9BA9-4FC4-B42A-4DAF5F9316AC}.Release|x64.Build.0 = Release|Any CPU
		{EC686446-9BA9-4FC4-B42A-4DAF5F9316AC}.Release|x64.Deploy.0 = Release|Any CPU
		{EC686446-9BA9-4FC4-B42A-4DAF5F9316AC}.Release|x86.ActiveCfg = Release|Any CPU
		{EC686446-9BA9-4FC4-B42A-4DAF5F9316AC}.Release|x86.Build.0 = Release|Any CPU
		{EC686446-9BA9-4FC4-B42A-4DAF5F9316AC}.Release|x86.Deploy.0 = Release|Any CPU
		{97264BB3-8425-47B5-A541-E8A955CA8E2F}.Ad-Hoc|Any CPU.ActiveCfg = Ad-Hoc|iPhone
		{97264BB3-8425-47B5-A541-E8A955CA8E2F}.Ad-Hoc|ARM.ActiveCfg = Ad-Hoc|iPhone
		{97264BB3-8425-47B5-A541-E8A955CA8E2F}.Ad-Hoc|iPhone.ActiveCfg = Ad-Hoc|iPhone
		{97264BB3-8425-47B5-A541-E8A955CA8E2F}.Ad-Hoc|iPhone.Build.0 = Ad-Hoc|iPhone
		{97264BB3-8425-47B5-A541-E8A955CA8E2F}.Ad-Hoc|iPhoneSimulator.ActiveCfg = Ad-Hoc|iPhoneSimulator
		{97264BB3-8425-47B5-A541-E8A955CA8E2F}.Ad-Hoc|iPhoneSimulator.Build.0 = Ad-Hoc|iPhoneSimulator
		{97264BB3-8425-47B5-A541-E8A955CA8E2F}.Ad-Hoc|x64.ActiveCfg = Ad-Hoc|iPhone
		{97264BB3-8425-47B5-A541-E8A955CA8E2F}.Ad-Hoc|x86.ActiveCfg = Ad-Hoc|iPhone
		{97264BB3-8425-47B5-A541-E8A955CA8E2F}.AppStore|Any CPU.ActiveCfg = AppStore|iPhone
		{97264BB3-8425-47B5-A541-E8A955CA8E2F}.AppStore|ARM.ActiveCfg = AppStore|iPhone
		{97264BB3-8425-47B5-A541-E8A955CA8E2F}.AppStore|iPhone.ActiveCfg = AppStore|iPhone
		{97264BB3-8425-47B5-A541-E8A955CA8E2F}.AppStore|iPhone.Build.0 = AppStore|iPhone
		{97264BB3-8425-47B5-A541-E8A955CA8E2F}.AppStore|iPhoneSimulator.ActiveCfg = AppStore|iPhoneSimulator
		{97264BB3-8425-47B5-A541-E8A955CA8E2F}.AppStore|iPhoneSimulator.Build.0 = AppStore|iPhoneSimulator
		{97264BB3-8425-47B5-A541-E8A955CA8E2F}.AppStore|x64.ActiveCfg = AppStore|iPhone
		{97264BB3-8425-47B5-A541-E8A955CA8E2F}.AppStore|x86.ActiveCfg = AppStore|iPhone
		{97264BB3-8425-47B5-A541-E8A955CA8E2F}.Debug|Any CPU.ActiveCfg = Debug|iPhone
		{97264BB3-8425-47B5-A541-E8A955CA8E2F}.Debug|ARM.ActiveCfg = Debug|iPhone
		{97264BB3-8425-47B5-A541-E8A955CA8E2F}.Debug|iPhone.ActiveCfg = Debug|iPhone
		{97264BB3-8425-47B5-A541-E8A955CA8E2F}.Debug|iPhone.Build.0 = Debug|iPhone
		{97264BB3-8425-47B5-A541-E8A955CA8E2F}.Debug|iPhoneSimulator.ActiveCfg = Debug|iPhoneSimulator
		{97264BB3-8425-47B5-A541-E8A955CA8E2F}.Debug|iPhoneSimulator.Build.0 = Debug|iPhoneSimulator
		{97264BB3-8425-47B5-A541-E8A955CA8E2F}.Debug|x64.ActiveCfg = Debug|iPhone
		{97264BB3-8425-47B5-A541-E8A955CA8E2F}.Debug|x86.ActiveCfg = Debug|iPhone
		{97264BB3-8425-47B5-A541-E8A955CA8E2F}.Release|Any CPU.ActiveCfg = Release|iPhone
		{97264BB3-8425-47B5-A541-E8A955CA8E2F}.Release|ARM.ActiveCfg = Release|iPhone
		{97264BB3-8425-47B5-A541-E8A955CA8E2F}.Release|iPhone.ActiveCfg = Release|iPhone
		{97264BB3-8425-47B5-A541-E8A955CA8E2F}.Release|iPhone.Build.0 = Release|iPhone
		{97264BB3-8425-47B5-A541-E8A955CA8E2F}.Release|iPhoneSimulator.ActiveCfg = Release|iPhoneSimulator
		{97264BB3-8425-47B5-A541-E8A955CA8E2F}.Release|iPhoneSimulator.Build.0 = Release|iPhoneSimulator
		{97264BB3-8425-47B5-A541-E8A955CA8E2F}.Release|x64.ActiveCfg = Release|iPhone
		{97264BB3-8425-47B5-A541-E8A955CA8E2F}.Release|x86.ActiveCfg = Release|iPhone
		{F6834570-A9C0-4D7A-AD93-CF5FE39D652C}.Ad-Hoc|Any CPU.ActiveCfg = Release|Any CPU
		{F6834570-A9C0-4D7A-AD93-CF5FE39D652C}.Ad-Hoc|Any CPU.Build.0 = Release|Any CPU
		{F6834570-A9C0-4D7A-AD93-CF5FE39D652C}.Ad-Hoc|Any CPU.Deploy.0 = Release|Any CPU
		{F6834570-A9C0-4D7A-AD93-CF5FE39D652C}.Ad-Hoc|ARM.ActiveCfg = Release|ARM
		{F6834570-A9C0-4D7A-AD93-CF5FE39D652C}.Ad-Hoc|ARM.Build.0 = Release|ARM
		{F6834570-A9C0-4D7A-AD93-CF5FE39D652C}.Ad-Hoc|ARM.Deploy.0 = Release|ARM
		{F6834570-A9C0-4D7A-AD93-CF5FE39D652C}.Ad-Hoc|iPhone.ActiveCfg = Release|Any CPU
		{F6834570-A9C0-4D7A-AD93-CF5FE39D652C}.Ad-Hoc|iPhone.Build.0 = Release|Any CPU
		{F6834570-A9C0-4D7A-AD93-CF5FE39D652C}.Ad-Hoc|iPhone.Deploy.0 = Release|Any CPU
		{F6834570-A9C0-4D7A-AD93-CF5FE39D652C}.Ad-Hoc|iPhoneSimulator.ActiveCfg = Release|Any CPU
		{F6834570-A9C0-4D7A-AD93-CF5FE39D652C}.Ad-Hoc|iPhoneSimulator.Build.0 = Release|Any CPU
		{F6834570-A9C0-4D7A-AD93-CF5FE39D652C}.Ad-Hoc|iPhoneSimulator.Deploy.0 = Release|Any CPU
		{F6834570-A9C0-4D7A-AD93-CF5FE39D652C}.Ad-Hoc|x64.ActiveCfg = Release|Any CPU
		{F6834570-A9C0-4D7A-AD93-CF5FE39D652C}.Ad-Hoc|x64.Build.0 = Release|Any CPU
		{F6834570-A9C0-4D7A-AD93-CF5FE39D652C}.Ad-Hoc|x64.Deploy.0 = Release|Any CPU
		{F6834570-A9C0-4D7A-AD93-CF5FE39D652C}.Ad-Hoc|x86.ActiveCfg = Release|x86
		{F6834570-A9C0-4D7A-AD93-CF5FE39D652C}.Ad-Hoc|x86.Build.0 = Release|x86
		{F6834570-A9C0-4D7A-AD93-CF5FE39D652C}.Ad-Hoc|x86.Deploy.0 = Release|x86
		{F6834570-A9C0-4D7A-AD93-CF5FE39D652C}.AppStore|Any CPU.ActiveCfg = Release|Any CPU
		{F6834570-A9C0-4D7A-AD93-CF5FE39D652C}.AppStore|Any CPU.Build.0 = Release|Any CPU
		{F6834570-A9C0-4D7A-AD93-CF5FE39D652C}.AppStore|Any CPU.Deploy.0 = Release|Any CPU
		{F6834570-A9C0-4D7A-AD93-CF5FE39D652C}.AppStore|ARM.ActiveCfg = Release|ARM
		{F6834570-A9C0-4D7A-AD93-CF5FE39D652C}.AppStore|ARM.Build.0 = Release|ARM
		{F6834570-A9C0-4D7A-AD93-CF5FE39D652C}.AppStore|ARM.Deploy.0 = Release|ARM
		{F6834570-A9C0-4D7A-AD93-CF5FE39D652C}.AppStore|iPhone.ActiveCfg = Release|Any CPU
		{F6834570-A9C0-4D7A-AD93-CF5FE39D652C}.AppStore|iPhone.Build.0 = Release|Any CPU
		{F6834570-A9C0-4D7A-AD93-CF5FE39D652C}.AppStore|iPhone.Deploy.0 = Release|Any CPU
		{F6834570-A9C0-4D7A-AD93-CF5FE39D652C}.AppStore|iPhoneSimulator.ActiveCfg = Release|Any CPU
		{F6834570-A9C0-4D7A-AD93-CF5FE39D652C}.AppStore|iPhoneSimulator.Build.0 = Release|Any CPU
		{F6834570-A9C0-4D7A-AD93-CF5FE39D652C}.AppStore|iPhoneSimulator.Deploy.0 = Release|Any CPU
		{F6834570-A9C0-4D7A-AD93-CF5FE39D652C}.AppStore|x64.ActiveCfg = Release|Any CPU
		{F6834570-A9C0-4D7A-AD93-CF5FE39D652C}.AppStore|x64.Build.0 = Release|Any CPU
		{F6834570-A9C0-4D7A-AD93-CF5FE39D652C}.AppStore|x64.Deploy.0 = Release|Any CPU
		{F6834570-A9C0-4D7A-AD93-CF5FE39D652C}.AppStore|x86.ActiveCfg = Release|x86
		{F6834570-A9C0-4D7A-AD93-CF5FE39D652C}.AppStore|x86.Build.0 = Release|x86
		{F6834570-A9C0-4D7A-AD93-CF5FE39D652C}.AppStore|x86.Deploy.0 = Release|x86
		{F6834570-A9C0-4D7A-AD93-CF5FE39D652C}.Debug|Any CPU.ActiveCfg = Debug|Any CPU
		{F6834570-A9C0-4D7A-AD93-CF5FE39D652C}.Debug|Any CPU.Build.0 = Debug|Any CPU
		{F6834570-A9C0-4D7A-AD93-CF5FE39D652C}.Debug|Any CPU.Deploy.0 = Debug|Any CPU
		{F6834570-A9C0-4D7A-AD93-CF5FE39D652C}.Debug|ARM.ActiveCfg = Debug|ARM
		{F6834570-A9C0-4D7A-AD93-CF5FE39D652C}.Debug|ARM.Build.0 = Debug|ARM
		{F6834570-A9C0-4D7A-AD93-CF5FE39D652C}.Debug|ARM.Deploy.0 = Debug|ARM
		{F6834570-A9C0-4D7A-AD93-CF5FE39D652C}.Debug|iPhone.ActiveCfg = Debug|Any CPU
		{F6834570-A9C0-4D7A-AD93-CF5FE39D652C}.Debug|iPhone.Build.0 = Debug|Any CPU
		{F6834570-A9C0-4D7A-AD93-CF5FE39D652C}.Debug|iPhone.Deploy.0 = Debug|Any CPU
		{F6834570-A9C0-4D7A-AD93-CF5FE39D652C}.Debug|iPhoneSimulator.ActiveCfg = Debug|Any CPU
		{F6834570-A9C0-4D7A-AD93-CF5FE39D652C}.Debug|iPhoneSimulator.Build.0 = Debug|Any CPU
		{F6834570-A9C0-4D7A-AD93-CF5FE39D652C}.Debug|iPhoneSimulator.Deploy.0 = Debug|Any CPU
		{F6834570-A9C0-4D7A-AD93-CF5FE39D652C}.Debug|x64.ActiveCfg = Debug|Any CPU
		{F6834570-A9C0-4D7A-AD93-CF5FE39D652C}.Debug|x64.Build.0 = Debug|Any CPU
		{F6834570-A9C0-4D7A-AD93-CF5FE39D652C}.Debug|x64.Deploy.0 = Debug|Any CPU
		{F6834570-A9C0-4D7A-AD93-CF5FE39D652C}.Debug|x86.ActiveCfg = Debug|x86
		{F6834570-A9C0-4D7A-AD93-CF5FE39D652C}.Debug|x86.Build.0 = Debug|x86
		{F6834570-A9C0-4D7A-AD93-CF5FE39D652C}.Debug|x86.Deploy.0 = Debug|x86
		{F6834570-A9C0-4D7A-AD93-CF5FE39D652C}.Release|Any CPU.ActiveCfg = Release|Any CPU
		{F6834570-A9C0-4D7A-AD93-CF5FE39D652C}.Release|Any CPU.Build.0 = Release|Any CPU
		{F6834570-A9C0-4D7A-AD93-CF5FE39D652C}.Release|Any CPU.Deploy.0 = Release|Any CPU
		{F6834570-A9C0-4D7A-AD93-CF5FE39D652C}.Release|ARM.ActiveCfg = Release|ARM
		{F6834570-A9C0-4D7A-AD93-CF5FE39D652C}.Release|ARM.Build.0 = Release|ARM
		{F6834570-A9C0-4D7A-AD93-CF5FE39D652C}.Release|ARM.Deploy.0 = Release|ARM
		{F6834570-A9C0-4D7A-AD93-CF5FE39D652C}.Release|iPhone.ActiveCfg = Release|Any CPU
		{F6834570-A9C0-4D7A-AD93-CF5FE39D652C}.Release|iPhone.Build.0 = Release|Any CPU
		{F6834570-A9C0-4D7A-AD93-CF5FE39D652C}.Release|iPhone.Deploy.0 = Release|Any CPU
		{F6834570-A9C0-4D7A-AD93-CF5FE39D652C}.Release|iPhoneSimulator.ActiveCfg = Release|Any CPU
		{F6834570-A9C0-4D7A-AD93-CF5FE39D652C}.Release|iPhoneSimulator.Build.0 = Release|Any CPU
		{F6834570-A9C0-4D7A-AD93-CF5FE39D652C}.Release|iPhoneSimulator.Deploy.0 = Release|Any CPU
		{F6834570-A9C0-4D7A-AD93-CF5FE39D652C}.Release|x64.ActiveCfg = Release|Any CPU
		{F6834570-A9C0-4D7A-AD93-CF5FE39D652C}.Release|x64.Build.0 = Release|Any CPU
		{F6834570-A9C0-4D7A-AD93-CF5FE39D652C}.Release|x64.Deploy.0 = Release|Any CPU
		{F6834570-A9C0-4D7A-AD93-CF5FE39D652C}.Release|x86.ActiveCfg = Release|x86
		{F6834570-A9C0-4D7A-AD93-CF5FE39D652C}.Release|x86.Build.0 = Release|x86
		{F6834570-A9C0-4D7A-AD93-CF5FE39D652C}.Release|x86.Deploy.0 = Release|x86
		{64F4E4A0-4E95-44D2-9444-00D86FBD5297}.Ad-Hoc|Any CPU.ActiveCfg = Release|x86
		{64F4E4A0-4E95-44D2-9444-00D86FBD5297}.Ad-Hoc|Any CPU.Build.0 = Release|x86
		{64F4E4A0-4E95-44D2-9444-00D86FBD5297}.Ad-Hoc|Any CPU.Deploy.0 = Release|x86
		{64F4E4A0-4E95-44D2-9444-00D86FBD5297}.Ad-Hoc|ARM.ActiveCfg = Release|ARM
		{64F4E4A0-4E95-44D2-9444-00D86FBD5297}.Ad-Hoc|ARM.Build.0 = Release|ARM
		{64F4E4A0-4E95-44D2-9444-00D86FBD5297}.Ad-Hoc|ARM.Deploy.0 = Release|ARM
		{64F4E4A0-4E95-44D2-9444-00D86FBD5297}.Ad-Hoc|iPhone.ActiveCfg = Release|x86
		{64F4E4A0-4E95-44D2-9444-00D86FBD5297}.Ad-Hoc|iPhone.Build.0 = Release|x86
		{64F4E4A0-4E95-44D2-9444-00D86FBD5297}.Ad-Hoc|iPhone.Deploy.0 = Release|x86
		{64F4E4A0-4E95-44D2-9444-00D86FBD5297}.Ad-Hoc|iPhoneSimulator.ActiveCfg = Release|x86
		{64F4E4A0-4E95-44D2-9444-00D86FBD5297}.Ad-Hoc|iPhoneSimulator.Build.0 = Release|x86
		{64F4E4A0-4E95-44D2-9444-00D86FBD5297}.Ad-Hoc|iPhoneSimulator.Deploy.0 = Release|x86
		{64F4E4A0-4E95-44D2-9444-00D86FBD5297}.Ad-Hoc|x64.ActiveCfg = Release|x64
		{64F4E4A0-4E95-44D2-9444-00D86FBD5297}.Ad-Hoc|x64.Build.0 = Release|x64
		{64F4E4A0-4E95-44D2-9444-00D86FBD5297}.Ad-Hoc|x64.Deploy.0 = Release|x64
		{64F4E4A0-4E95-44D2-9444-00D86FBD5297}.Ad-Hoc|x86.ActiveCfg = Release|x86
		{64F4E4A0-4E95-44D2-9444-00D86FBD5297}.Ad-Hoc|x86.Build.0 = Release|x86
		{64F4E4A0-4E95-44D2-9444-00D86FBD5297}.Ad-Hoc|x86.Deploy.0 = Release|x86
		{64F4E4A0-4E95-44D2-9444-00D86FBD5297}.AppStore|Any CPU.ActiveCfg = Release|x86
		{64F4E4A0-4E95-44D2-9444-00D86FBD5297}.AppStore|Any CPU.Build.0 = Release|x86
		{64F4E4A0-4E95-44D2-9444-00D86FBD5297}.AppStore|Any CPU.Deploy.0 = Release|x86
		{64F4E4A0-4E95-44D2-9444-00D86FBD5297}.AppStore|ARM.ActiveCfg = Release|ARM
		{64F4E4A0-4E95-44D2-9444-00D86FBD5297}.AppStore|ARM.Build.0 = Release|ARM
		{64F4E4A0-4E95-44D2-9444-00D86FBD5297}.AppStore|ARM.Deploy.0 = Release|ARM
		{64F4E4A0-4E95-44D2-9444-00D86FBD5297}.AppStore|iPhone.ActiveCfg = Release|x86
		{64F4E4A0-4E95-44D2-9444-00D86FBD5297}.AppStore|iPhone.Build.0 = Release|x86
		{64F4E4A0-4E95-44D2-9444-00D86FBD5297}.AppStore|iPhone.Deploy.0 = Release|x86
		{64F4E4A0-4E95-44D2-9444-00D86FBD5297}.AppStore|iPhoneSimulator.ActiveCfg = Release|x86
		{64F4E4A0-4E95-44D2-9444-00D86FBD5297}.AppStore|iPhoneSimulator.Build.0 = Release|x86
		{64F4E4A0-4E95-44D2-9444-00D86FBD5297}.AppStore|iPhoneSimulator.Deploy.0 = Release|x86
		{64F4E4A0-4E95-44D2-9444-00D86FBD5297}.AppStore|x64.ActiveCfg = Release|x64
		{64F4E4A0-4E95-44D2-9444-00D86FBD5297}.AppStore|x64.Build.0 = Release|x64
		{64F4E4A0-4E95-44D2-9444-00D86FBD5297}.AppStore|x64.Deploy.0 = Release|x64
		{64F4E4A0-4E95-44D2-9444-00D86FBD5297}.AppStore|x86.ActiveCfg = Release|x86
		{64F4E4A0-4E95-44D2-9444-00D86FBD5297}.AppStore|x86.Build.0 = Release|x86
		{64F4E4A0-4E95-44D2-9444-00D86FBD5297}.AppStore|x86.Deploy.0 = Release|x86
		{64F4E4A0-4E95-44D2-9444-00D86FBD5297}.Debug|Any CPU.ActiveCfg = Debug|x86
		{64F4E4A0-4E95-44D2-9444-00D86FBD5297}.Debug|ARM.ActiveCfg = Debug|ARM
		{64F4E4A0-4E95-44D2-9444-00D86FBD5297}.Debug|ARM.Build.0 = Debug|ARM
		{64F4E4A0-4E95-44D2-9444-00D86FBD5297}.Debug|ARM.Deploy.0 = Debug|ARM
		{64F4E4A0-4E95-44D2-9444-00D86FBD5297}.Debug|iPhone.ActiveCfg = Debug|x86
		{64F4E4A0-4E95-44D2-9444-00D86FBD5297}.Debug|iPhoneSimulator.ActiveCfg = Debug|x86
		{64F4E4A0-4E95-44D2-9444-00D86FBD5297}.Debug|x64.ActiveCfg = Debug|x64
		{64F4E4A0-4E95-44D2-9444-00D86FBD5297}.Debug|x64.Build.0 = Debug|x64
		{64F4E4A0-4E95-44D2-9444-00D86FBD5297}.Debug|x64.Deploy.0 = Debug|x64
		{64F4E4A0-4E95-44D2-9444-00D86FBD5297}.Debug|x86.ActiveCfg = Debug|x86
		{64F4E4A0-4E95-44D2-9444-00D86FBD5297}.Debug|x86.Build.0 = Debug|x86
		{64F4E4A0-4E95-44D2-9444-00D86FBD5297}.Debug|x86.Deploy.0 = Debug|x86
		{64F4E4A0-4E95-44D2-9444-00D86FBD5297}.Release|Any CPU.ActiveCfg = Release|x86
		{64F4E4A0-4E95-44D2-9444-00D86FBD5297}.Release|ARM.ActiveCfg = Release|ARM
		{64F4E4A0-4E95-44D2-9444-00D86FBD5297}.Release|ARM.Build.0 = Release|ARM
		{64F4E4A0-4E95-44D2-9444-00D86FBD5297}.Release|ARM.Deploy.0 = Release|ARM
		{64F4E4A0-4E95-44D2-9444-00D86FBD5297}.Release|iPhone.ActiveCfg = Release|x86
		{64F4E4A0-4E95-44D2-9444-00D86FBD5297}.Release|iPhoneSimulator.ActiveCfg = Release|x86
		{64F4E4A0-4E95-44D2-9444-00D86FBD5297}.Release|x64.ActiveCfg = Release|x64
		{64F4E4A0-4E95-44D2-9444-00D86FBD5297}.Release|x64.Build.0 = Release|x64
		{64F4E4A0-4E95-44D2-9444-00D86FBD5297}.Release|x64.Deploy.0 = Release|x64
		{64F4E4A0-4E95-44D2-9444-00D86FBD5297}.Release|x86.ActiveCfg = Release|x86
		{64F4E4A0-4E95-44D2-9444-00D86FBD5297}.Release|x86.Build.0 = Release|x86
		{64F4E4A0-4E95-44D2-9444-00D86FBD5297}.Release|x86.Deploy.0 = Release|x86
		{97B351DD-FAA0-4621-8B8F-0DDAFBF3C1FA}.Ad-Hoc|Any CPU.ActiveCfg = Release|Any CPU
		{97B351DD-FAA0-4621-8B8F-0DDAFBF3C1FA}.Ad-Hoc|Any CPU.Build.0 = Release|Any CPU
		{97B351DD-FAA0-4621-8B8F-0DDAFBF3C1FA}.Ad-Hoc|Any CPU.Deploy.0 = Release|Any CPU
		{97B351DD-FAA0-4621-8B8F-0DDAFBF3C1FA}.Ad-Hoc|ARM.ActiveCfg = Release|ARM
		{97B351DD-FAA0-4621-8B8F-0DDAFBF3C1FA}.Ad-Hoc|ARM.Build.0 = Release|ARM
		{97B351DD-FAA0-4621-8B8F-0DDAFBF3C1FA}.Ad-Hoc|ARM.Deploy.0 = Release|ARM
		{97B351DD-FAA0-4621-8B8F-0DDAFBF3C1FA}.Ad-Hoc|iPhone.ActiveCfg = Release|Any CPU
		{97B351DD-FAA0-4621-8B8F-0DDAFBF3C1FA}.Ad-Hoc|iPhone.Build.0 = Release|Any CPU
		{97B351DD-FAA0-4621-8B8F-0DDAFBF3C1FA}.Ad-Hoc|iPhone.Deploy.0 = Release|Any CPU
		{97B351DD-FAA0-4621-8B8F-0DDAFBF3C1FA}.Ad-Hoc|iPhoneSimulator.ActiveCfg = Release|Any CPU
		{97B351DD-FAA0-4621-8B8F-0DDAFBF3C1FA}.Ad-Hoc|iPhoneSimulator.Build.0 = Release|Any CPU
		{97B351DD-FAA0-4621-8B8F-0DDAFBF3C1FA}.Ad-Hoc|iPhoneSimulator.Deploy.0 = Release|Any CPU
		{97B351DD-FAA0-4621-8B8F-0DDAFBF3C1FA}.Ad-Hoc|x64.ActiveCfg = Release|x64
		{97B351DD-FAA0-4621-8B8F-0DDAFBF3C1FA}.Ad-Hoc|x64.Build.0 = Release|x64
		{97B351DD-FAA0-4621-8B8F-0DDAFBF3C1FA}.Ad-Hoc|x64.Deploy.0 = Release|x64
		{97B351DD-FAA0-4621-8B8F-0DDAFBF3C1FA}.Ad-Hoc|x86.ActiveCfg = Release|x86
		{97B351DD-FAA0-4621-8B8F-0DDAFBF3C1FA}.Ad-Hoc|x86.Build.0 = Release|x86
		{97B351DD-FAA0-4621-8B8F-0DDAFBF3C1FA}.Ad-Hoc|x86.Deploy.0 = Release|x86
		{97B351DD-FAA0-4621-8B8F-0DDAFBF3C1FA}.AppStore|Any CPU.ActiveCfg = Release|Any CPU
		{97B351DD-FAA0-4621-8B8F-0DDAFBF3C1FA}.AppStore|Any CPU.Build.0 = Release|Any CPU
		{97B351DD-FAA0-4621-8B8F-0DDAFBF3C1FA}.AppStore|Any CPU.Deploy.0 = Release|Any CPU
		{97B351DD-FAA0-4621-8B8F-0DDAFBF3C1FA}.AppStore|ARM.ActiveCfg = Release|ARM
		{97B351DD-FAA0-4621-8B8F-0DDAFBF3C1FA}.AppStore|ARM.Build.0 = Release|ARM
		{97B351DD-FAA0-4621-8B8F-0DDAFBF3C1FA}.AppStore|ARM.Deploy.0 = Release|ARM
		{97B351DD-FAA0-4621-8B8F-0DDAFBF3C1FA}.AppStore|iPhone.ActiveCfg = Release|Any CPU
		{97B351DD-FAA0-4621-8B8F-0DDAFBF3C1FA}.AppStore|iPhone.Build.0 = Release|Any CPU
		{97B351DD-FAA0-4621-8B8F-0DDAFBF3C1FA}.AppStore|iPhone.Deploy.0 = Release|Any CPU
		{97B351DD-FAA0-4621-8B8F-0DDAFBF3C1FA}.AppStore|iPhoneSimulator.ActiveCfg = Release|Any CPU
		{97B351DD-FAA0-4621-8B8F-0DDAFBF3C1FA}.AppStore|iPhoneSimulator.Build.0 = Release|Any CPU
		{97B351DD-FAA0-4621-8B8F-0DDAFBF3C1FA}.AppStore|iPhoneSimulator.Deploy.0 = Release|Any CPU
		{97B351DD-FAA0-4621-8B8F-0DDAFBF3C1FA}.AppStore|x64.ActiveCfg = Release|x64
		{97B351DD-FAA0-4621-8B8F-0DDAFBF3C1FA}.AppStore|x64.Build.0 = Release|x64
		{97B351DD-FAA0-4621-8B8F-0DDAFBF3C1FA}.AppStore|x64.Deploy.0 = Release|x64
		{97B351DD-FAA0-4621-8B8F-0DDAFBF3C1FA}.AppStore|x86.ActiveCfg = Release|x86
		{97B351DD-FAA0-4621-8B8F-0DDAFBF3C1FA}.AppStore|x86.Build.0 = Release|x86
		{97B351DD-FAA0-4621-8B8F-0DDAFBF3C1FA}.AppStore|x86.Deploy.0 = Release|x86
		{97B351DD-FAA0-4621-8B8F-0DDAFBF3C1FA}.Debug|Any CPU.ActiveCfg = Debug|Any CPU
		{97B351DD-FAA0-4621-8B8F-0DDAFBF3C1FA}.Debug|Any CPU.Build.0 = Debug|Any CPU
		{97B351DD-FAA0-4621-8B8F-0DDAFBF3C1FA}.Debug|Any CPU.Deploy.0 = Debug|Any CPU
		{97B351DD-FAA0-4621-8B8F-0DDAFBF3C1FA}.Debug|ARM.ActiveCfg = Debug|ARM
		{97B351DD-FAA0-4621-8B8F-0DDAFBF3C1FA}.Debug|ARM.Build.0 = Debug|ARM
		{97B351DD-FAA0-4621-8B8F-0DDAFBF3C1FA}.Debug|ARM.Deploy.0 = Debug|ARM
		{97B351DD-FAA0-4621-8B8F-0DDAFBF3C1FA}.Debug|iPhone.ActiveCfg = Debug|Any CPU
		{97B351DD-FAA0-4621-8B8F-0DDAFBF3C1FA}.Debug|iPhone.Build.0 = Debug|Any CPU
		{97B351DD-FAA0-4621-8B8F-0DDAFBF3C1FA}.Debug|iPhone.Deploy.0 = Debug|Any CPU
		{97B351DD-FAA0-4621-8B8F-0DDAFBF3C1FA}.Debug|iPhoneSimulator.ActiveCfg = Debug|Any CPU
		{97B351DD-FAA0-4621-8B8F-0DDAFBF3C1FA}.Debug|iPhoneSimulator.Build.0 = Debug|Any CPU
		{97B351DD-FAA0-4621-8B8F-0DDAFBF3C1FA}.Debug|iPhoneSimulator.Deploy.0 = Debug|Any CPU
		{97B351DD-FAA0-4621-8B8F-0DDAFBF3C1FA}.Debug|x64.ActiveCfg = Debug|x64
		{97B351DD-FAA0-4621-8B8F-0DDAFBF3C1FA}.Debug|x64.Build.0 = Debug|x64
		{97B351DD-FAA0-4621-8B8F-0DDAFBF3C1FA}.Debug|x64.Deploy.0 = Debug|x64
		{97B351DD-FAA0-4621-8B8F-0DDAFBF3C1FA}.Debug|x86.ActiveCfg = Debug|x86
		{97B351DD-FAA0-4621-8B8F-0DDAFBF3C1FA}.Debug|x86.Build.0 = Debug|x86
		{97B351DD-FAA0-4621-8B8F-0DDAFBF3C1FA}.Debug|x86.Deploy.0 = Debug|x86
		{97B351DD-FAA0-4621-8B8F-0DDAFBF3C1FA}.Release|Any CPU.ActiveCfg = Release|Any CPU
		{97B351DD-FAA0-4621-8B8F-0DDAFBF3C1FA}.Release|Any CPU.Build.0 = Release|Any CPU
		{97B351DD-FAA0-4621-8B8F-0DDAFBF3C1FA}.Release|Any CPU.Deploy.0 = Release|Any CPU
		{97B351DD-FAA0-4621-8B8F-0DDAFBF3C1FA}.Release|ARM.ActiveCfg = Release|ARM
		{97B351DD-FAA0-4621-8B8F-0DDAFBF3C1FA}.Release|ARM.Build.0 = Release|ARM
		{97B351DD-FAA0-4621-8B8F-0DDAFBF3C1FA}.Release|ARM.Deploy.0 = Release|ARM
		{97B351DD-FAA0-4621-8B8F-0DDAFBF3C1FA}.Release|iPhone.ActiveCfg = Release|Any CPU
		{97B351DD-FAA0-4621-8B8F-0DDAFBF3C1FA}.Release|iPhone.Build.0 = Release|Any CPU
		{97B351DD-FAA0-4621-8B8F-0DDAFBF3C1FA}.Release|iPhone.Deploy.0 = Release|Any CPU
		{97B351DD-FAA0-4621-8B8F-0DDAFBF3C1FA}.Release|iPhoneSimulator.ActiveCfg = Release|Any CPU
		{97B351DD-FAA0-4621-8B8F-0DDAFBF3C1FA}.Release|iPhoneSimulator.Build.0 = Release|Any CPU
		{97B351DD-FAA0-4621-8B8F-0DDAFBF3C1FA}.Release|iPhoneSimulator.Deploy.0 = Release|Any CPU
		{97B351DD-FAA0-4621-8B8F-0DDAFBF3C1FA}.Release|x64.ActiveCfg = Release|x64
		{97B351DD-FAA0-4621-8B8F-0DDAFBF3C1FA}.Release|x64.Build.0 = Release|x64
		{97B351DD-FAA0-4621-8B8F-0DDAFBF3C1FA}.Release|x64.Deploy.0 = Release|x64
		{97B351DD-FAA0-4621-8B8F-0DDAFBF3C1FA}.Release|x86.ActiveCfg = Release|x86
		{97B351DD-FAA0-4621-8B8F-0DDAFBF3C1FA}.Release|x86.Build.0 = Release|x86
		{97B351DD-FAA0-4621-8B8F-0DDAFBF3C1FA}.Release|x86.Deploy.0 = Release|x86
		{FC3030F2-F861-46C4-8001-DECB32A4D98E}.Ad-Hoc|Any CPU.ActiveCfg = Release|Any CPU
		{FC3030F2-F861-46C4-8001-DECB32A4D98E}.Ad-Hoc|Any CPU.Build.0 = Release|Any CPU
		{FC3030F2-F861-46C4-8001-DECB32A4D98E}.Ad-Hoc|ARM.ActiveCfg = Release|Any CPU
		{FC3030F2-F861-46C4-8001-DECB32A4D98E}.Ad-Hoc|ARM.Build.0 = Release|Any CPU
		{FC3030F2-F861-46C4-8001-DECB32A4D98E}.Ad-Hoc|iPhone.ActiveCfg = Release|Any CPU
		{FC3030F2-F861-46C4-8001-DECB32A4D98E}.Ad-Hoc|iPhone.Build.0 = Release|Any CPU
		{FC3030F2-F861-46C4-8001-DECB32A4D98E}.Ad-Hoc|iPhoneSimulator.ActiveCfg = Release|Any CPU
		{FC3030F2-F861-46C4-8001-DECB32A4D98E}.Ad-Hoc|iPhoneSimulator.Build.0 = Release|Any CPU
		{FC3030F2-F861-46C4-8001-DECB32A4D98E}.Ad-Hoc|x64.ActiveCfg = Release|Any CPU
		{FC3030F2-F861-46C4-8001-DECB32A4D98E}.Ad-Hoc|x64.Build.0 = Release|Any CPU
		{FC3030F2-F861-46C4-8001-DECB32A4D98E}.Ad-Hoc|x86.ActiveCfg = Release|Any CPU
		{FC3030F2-F861-46C4-8001-DECB32A4D98E}.Ad-Hoc|x86.Build.0 = Release|Any CPU
		{FC3030F2-F861-46C4-8001-DECB32A4D98E}.AppStore|Any CPU.ActiveCfg = Release|Any CPU
		{FC3030F2-F861-46C4-8001-DECB32A4D98E}.AppStore|Any CPU.Build.0 = Release|Any CPU
		{FC3030F2-F861-46C4-8001-DECB32A4D98E}.AppStore|ARM.ActiveCfg = Release|Any CPU
		{FC3030F2-F861-46C4-8001-DECB32A4D98E}.AppStore|ARM.Build.0 = Release|Any CPU
		{FC3030F2-F861-46C4-8001-DECB32A4D98E}.AppStore|iPhone.ActiveCfg = Release|Any CPU
		{FC3030F2-F861-46C4-8001-DECB32A4D98E}.AppStore|iPhone.Build.0 = Release|Any CPU
		{FC3030F2-F861-46C4-8001-DECB32A4D98E}.AppStore|iPhoneSimulator.ActiveCfg = Release|Any CPU
		{FC3030F2-F861-46C4-8001-DECB32A4D98E}.AppStore|iPhoneSimulator.Build.0 = Release|Any CPU
		{FC3030F2-F861-46C4-8001-DECB32A4D98E}.AppStore|x64.ActiveCfg = Release|Any CPU
		{FC3030F2-F861-46C4-8001-DECB32A4D98E}.AppStore|x64.Build.0 = Release|Any CPU
		{FC3030F2-F861-46C4-8001-DECB32A4D98E}.AppStore|x86.ActiveCfg = Release|Any CPU
		{FC3030F2-F861-46C4-8001-DECB32A4D98E}.AppStore|x86.Build.0 = Release|Any CPU
		{FC3030F2-F861-46C4-8001-DECB32A4D98E}.Debug|Any CPU.ActiveCfg = Debug|Any CPU
		{FC3030F2-F861-46C4-8001-DECB32A4D98E}.Debug|Any CPU.Build.0 = Debug|Any CPU
		{FC3030F2-F861-46C4-8001-DECB32A4D98E}.Debug|ARM.ActiveCfg = Debug|Any CPU
		{FC3030F2-F861-46C4-8001-DECB32A4D98E}.Debug|ARM.Build.0 = Debug|Any CPU
		{FC3030F2-F861-46C4-8001-DECB32A4D98E}.Debug|iPhone.ActiveCfg = Debug|Any CPU
		{FC3030F2-F861-46C4-8001-DECB32A4D98E}.Debug|iPhone.Build.0 = Debug|Any CPU
		{FC3030F2-F861-46C4-8001-DECB32A4D98E}.Debug|iPhoneSimulator.ActiveCfg = Debug|Any CPU
		{FC3030F2-F861-46C4-8001-DECB32A4D98E}.Debug|iPhoneSimulator.Build.0 = Debug|Any CPU
		{FC3030F2-F861-46C4-8001-DECB32A4D98E}.Debug|x64.ActiveCfg = Debug|Any CPU
		{FC3030F2-F861-46C4-8001-DECB32A4D98E}.Debug|x64.Build.0 = Debug|Any CPU
		{FC3030F2-F861-46C4-8001-DECB32A4D98E}.Debug|x86.ActiveCfg = Debug|Any CPU
		{FC3030F2-F861-46C4-8001-DECB32A4D98E}.Debug|x86.Build.0 = Debug|Any CPU
		{FC3030F2-F861-46C4-8001-DECB32A4D98E}.Release|Any CPU.ActiveCfg = Release|Any CPU
		{FC3030F2-F861-46C4-8001-DECB32A4D98E}.Release|Any CPU.Build.0 = Release|Any CPU
		{FC3030F2-F861-46C4-8001-DECB32A4D98E}.Release|ARM.ActiveCfg = Release|Any CPU
		{FC3030F2-F861-46C4-8001-DECB32A4D98E}.Release|ARM.Build.0 = Release|Any CPU
		{FC3030F2-F861-46C4-8001-DECB32A4D98E}.Release|iPhone.ActiveCfg = Release|Any CPU
		{FC3030F2-F861-46C4-8001-DECB32A4D98E}.Release|iPhone.Build.0 = Release|Any CPU
		{FC3030F2-F861-46C4-8001-DECB32A4D98E}.Release|iPhoneSimulator.ActiveCfg = Release|Any CPU
		{FC3030F2-F861-46C4-8001-DECB32A4D98E}.Release|iPhoneSimulator.Build.0 = Release|Any CPU
		{FC3030F2-F861-46C4-8001-DECB32A4D98E}.Release|x64.ActiveCfg = Release|Any CPU
		{FC3030F2-F861-46C4-8001-DECB32A4D98E}.Release|x64.Build.0 = Release|Any CPU
		{FC3030F2-F861-46C4-8001-DECB32A4D98E}.Release|x86.ActiveCfg = Release|Any CPU
		{FC3030F2-F861-46C4-8001-DECB32A4D98E}.Release|x86.Build.0 = Release|Any CPU
		{3063DA46-D2A1-4754-94EA-227257962A14}.Ad-Hoc|Any CPU.ActiveCfg = Release|Any CPU
		{3063DA46-D2A1-4754-94EA-227257962A14}.Ad-Hoc|Any CPU.Build.0 = Release|Any CPU
		{3063DA46-D2A1-4754-94EA-227257962A14}.Ad-Hoc|ARM.ActiveCfg = Release|Any CPU
		{3063DA46-D2A1-4754-94EA-227257962A14}.Ad-Hoc|ARM.Build.0 = Release|Any CPU
		{3063DA46-D2A1-4754-94EA-227257962A14}.Ad-Hoc|iPhone.ActiveCfg = Release|Any CPU
		{3063DA46-D2A1-4754-94EA-227257962A14}.Ad-Hoc|iPhone.Build.0 = Release|Any CPU
		{3063DA46-D2A1-4754-94EA-227257962A14}.Ad-Hoc|iPhoneSimulator.ActiveCfg = Release|Any CPU
		{3063DA46-D2A1-4754-94EA-227257962A14}.Ad-Hoc|iPhoneSimulator.Build.0 = Release|Any CPU
		{3063DA46-D2A1-4754-94EA-227257962A14}.Ad-Hoc|x64.ActiveCfg = Release|Any CPU
		{3063DA46-D2A1-4754-94EA-227257962A14}.Ad-Hoc|x64.Build.0 = Release|Any CPU
		{3063DA46-D2A1-4754-94EA-227257962A14}.Ad-Hoc|x86.ActiveCfg = Release|Any CPU
		{3063DA46-D2A1-4754-94EA-227257962A14}.Ad-Hoc|x86.Build.0 = Release|Any CPU
		{3063DA46-D2A1-4754-94EA-227257962A14}.AppStore|Any CPU.ActiveCfg = Release|Any CPU
		{3063DA46-D2A1-4754-94EA-227257962A14}.AppStore|Any CPU.Build.0 = Release|Any CPU
		{3063DA46-D2A1-4754-94EA-227257962A14}.AppStore|ARM.ActiveCfg = Release|Any CPU
		{3063DA46-D2A1-4754-94EA-227257962A14}.AppStore|ARM.Build.0 = Release|Any CPU
		{3063DA46-D2A1-4754-94EA-227257962A14}.AppStore|iPhone.ActiveCfg = Release|Any CPU
		{3063DA46-D2A1-4754-94EA-227257962A14}.AppStore|iPhone.Build.0 = Release|Any CPU
		{3063DA46-D2A1-4754-94EA-227257962A14}.AppStore|iPhoneSimulator.ActiveCfg = Release|Any CPU
		{3063DA46-D2A1-4754-94EA-227257962A14}.AppStore|iPhoneSimulator.Build.0 = Release|Any CPU
		{3063DA46-D2A1-4754-94EA-227257962A14}.AppStore|x64.ActiveCfg = Release|Any CPU
		{3063DA46-D2A1-4754-94EA-227257962A14}.AppStore|x64.Build.0 = Release|Any CPU
		{3063DA46-D2A1-4754-94EA-227257962A14}.AppStore|x86.ActiveCfg = Release|Any CPU
		{3063DA46-D2A1-4754-94EA-227257962A14}.AppStore|x86.Build.0 = Release|Any CPU
		{3063DA46-D2A1-4754-94EA-227257962A14}.Debug|Any CPU.ActiveCfg = Debug|Any CPU
		{3063DA46-D2A1-4754-94EA-227257962A14}.Debug|Any CPU.Build.0 = Debug|Any CPU
		{3063DA46-D2A1-4754-94EA-227257962A14}.Debug|ARM.ActiveCfg = Debug|Any CPU
		{3063DA46-D2A1-4754-94EA-227257962A14}.Debug|ARM.Build.0 = Debug|Any CPU
		{3063DA46-D2A1-4754-94EA-227257962A14}.Debug|iPhone.ActiveCfg = Debug|Any CPU
		{3063DA46-D2A1-4754-94EA-227257962A14}.Debug|iPhone.Build.0 = Debug|Any CPU
		{3063DA46-D2A1-4754-94EA-227257962A14}.Debug|iPhoneSimulator.ActiveCfg = Debug|Any CPU
		{3063DA46-D2A1-4754-94EA-227257962A14}.Debug|iPhoneSimulator.Build.0 = Debug|Any CPU
		{3063DA46-D2A1-4754-94EA-227257962A14}.Debug|x64.ActiveCfg = Debug|Any CPU
		{3063DA46-D2A1-4754-94EA-227257962A14}.Debug|x64.Build.0 = Debug|Any CPU
		{3063DA46-D2A1-4754-94EA-227257962A14}.Debug|x86.ActiveCfg = Debug|Any CPU
		{3063DA46-D2A1-4754-94EA-227257962A14}.Debug|x86.Build.0 = Debug|Any CPU
		{3063DA46-D2A1-4754-94EA-227257962A14}.Release|Any CPU.ActiveCfg = Release|Any CPU
		{3063DA46-D2A1-4754-94EA-227257962A14}.Release|Any CPU.Build.0 = Release|Any CPU
		{3063DA46-D2A1-4754-94EA-227257962A14}.Release|ARM.ActiveCfg = Release|Any CPU
		{3063DA46-D2A1-4754-94EA-227257962A14}.Release|ARM.Build.0 = Release|Any CPU
		{3063DA46-D2A1-4754-94EA-227257962A14}.Release|iPhone.ActiveCfg = Release|Any CPU
		{3063DA46-D2A1-4754-94EA-227257962A14}.Release|iPhone.Build.0 = Release|Any CPU
		{3063DA46-D2A1-4754-94EA-227257962A14}.Release|iPhoneSimulator.ActiveCfg = Release|Any CPU
		{3063DA46-D2A1-4754-94EA-227257962A14}.Release|iPhoneSimulator.Build.0 = Release|Any CPU
		{3063DA46-D2A1-4754-94EA-227257962A14}.Release|x64.ActiveCfg = Release|Any CPU
		{3063DA46-D2A1-4754-94EA-227257962A14}.Release|x64.Build.0 = Release|Any CPU
		{3063DA46-D2A1-4754-94EA-227257962A14}.Release|x86.ActiveCfg = Release|Any CPU
		{3063DA46-D2A1-4754-94EA-227257962A14}.Release|x86.Build.0 = Release|Any CPU
	EndGlobalSection
	GlobalSection(SolutionProperties) = preSolution
		HideSolutionNode = FALSE
	EndGlobalSection
	GlobalSection(NestedProjects) = preSolution
		{C99D9BC6-09C7-418B-AFC0-649F64E36CC7} = {334044C2-5B74-4BC8-B203-BDBD50E7EE55}
		{37CBB547-75EF-42F5-9B9D-C2B47154F1B1} = {334044C2-5B74-4BC8-B203-BDBD50E7EE55}
		{D39E8FE8-382C-4759-862F-93E9AD66E15B} = {BBECA6E1-12DE-46FA-84A8-C8190369AD8A}
		{EC686446-9BA9-4FC4-B42A-4DAF5F9316AC} = {BBECA6E1-12DE-46FA-84A8-C8190369AD8A}
		{97264BB3-8425-47B5-A541-E8A955CA8E2F} = {BBECA6E1-12DE-46FA-84A8-C8190369AD8A}
		{F6834570-A9C0-4D7A-AD93-CF5FE39D652C} = {BBECA6E1-12DE-46FA-84A8-C8190369AD8A}
		{64F4E4A0-4E95-44D2-9444-00D86FBD5297} = {BBECA6E1-12DE-46FA-84A8-C8190369AD8A}
		{97B351DD-FAA0-4621-8B8F-0DDAFBF3C1FA} = {BBECA6E1-12DE-46FA-84A8-C8190369AD8A}
		{67860EAB-2AB2-4DB1-A5AC-C83C21463EBB} = {256B9F64-2359-44CC-8EC7-792FE0AC161C}
		{BBECA6E1-12DE-46FA-84A8-C8190369AD8A} = {256B9F64-2359-44CC-8EC7-792FE0AC161C}
		{FC3030F2-F861-46C4-8001-DECB32A4D98E} = {67860EAB-2AB2-4DB1-A5AC-C83C21463EBB}
		{3063DA46-D2A1-4754-94EA-227257962A14} = {256B9F64-2359-44CC-8EC7-792FE0AC161C}
	EndGlobalSection
EndGlobal
